
Microsoft Visual Studio Solution File, Format Version 12.00
# Visual Studio Version 17
VisualStudioVersion = 17.5.33530.505
MinimumVisualStudioVersion = 10.0.40219.1
Project("{9A19103F-16F7-4668-BE54-9A1E7A4F7556}") = "Alarmanlage", "Alarmanlage\Alarmanlage.csproj", "{144F2F48-8797-4FE3-8962-728CB12605BA}"
EndProject
Project("{9A19103F-16F7-4668-BE54-9A1E7A4F7556}") = "SteuerSoft.AlarmSystem", "SteuerSoft.AlarmSystem\SteuerSoft.AlarmSystem.csproj", "{DF526AAB-9608-43FE-A85F-FCC60C40C288}"
EndProject
Project("{9A19103F-16F7-4668-BE54-9A1E7A4F7556}") = "SteuerSoft.AlarmSystem.TelegramBot", "SteuerSoft.AlarmSystem.TelegramBot\SteuerSoft.AlarmSystem.TelegramBot.csproj", "{F63E36EC-078A-4042-A355-E0C79A4C2FD6}"
EndProject
Project("{9A19103F-16F7-4668-BE54-9A1E7A4F7556}") = "SteuerSoft.AlarmSystem.Core", "SteuerSoft.AlarmSystem.Core\SteuerSoft.AlarmSystem.Core.csproj", "{7B7A9F07-694E-454E-BBA3-92AB4BC6F5B1}"
EndProject
Project("{FAE04EC0-301F-11D3-BF4B-00C04F79EFBC}") = "SteuerSoft.AlarmSystem.Mqtt", "SteuerSoft.AlarmSystem.Mqtt\SteuerSoft.AlarmSystem.Mqtt.csproj", "{4D02C737-3C89-491F-AD01-6D0D561F7A6D}"
EndProject
Global
	GlobalSection(SolutionConfigurationPlatforms) = preSolution
		Debug|Any CPU = Debug|Any CPU
		Release|Any CPU = Release|Any CPU
	EndGlobalSection
	GlobalSection(ProjectConfigurationPlatforms) = postSolution
		{144F2F48-8797-4FE3-8962-728CB12605BA}.Debug|Any CPU.ActiveCfg = Debug|Any CPU
		{144F2F48-8797-4FE3-8962-728CB12605BA}.Debug|Any CPU.Build.0 = Debug|Any CPU
		{144F2F48-8797-4FE3-8962-728CB12605BA}.Release|Any CPU.ActiveCfg = Release|Any CPU
		{144F2F48-8797-4FE3-8962-728CB12605BA}.Release|Any CPU.Build.0 = Release|Any CPU
		{DF526AAB-9608-43FE-A85F-FCC60C40C288}.Debug|Any CPU.ActiveCfg = Debug|Any CPU
		{DF526AAB-9608-43FE-A85F-FCC60C40C288}.Debug|Any CPU.Build.0 = Debug|Any CPU
		{DF526AAB-9608-43FE-A85F-FCC60C40C288}.Release|Any CPU.ActiveCfg = Release|Any CPU
		{DF526AAB-9608-43FE-A85F-FCC60C40C288}.Release|Any CPU.Build.0 = Release|Any CPU
		{F63E36EC-078A-4042-A355-E0C79A4C2FD6}.Debug|Any CPU.ActiveCfg = Debug|Any CPU
		{F63E36EC-078A-4042-A355-E0C79A4C2FD6}.Debug|Any CPU.Build.0 = Debug|Any CPU
		{F63E36EC-078A-4042-A355-E0C79A4C2FD6}.Release|Any CPU.ActiveCfg = Release|Any CPU
		{F63E36EC-078A-4042-A355-E0C79A4C2FD6}.Release|Any CPU.Build.0 = Release|Any CPU
		{7B7A9F07-694E-454E-BBA3-92AB4BC6F5B1}.Debug|Any CPU.ActiveCfg = Debug|Any CPU
		{7B7A9F07-694E-454E-BBA3-92AB4BC6F5B1}.Debug|Any CPU.Build.0 = Debug|Any CPU
		{7B7A9F07-694E-454E-BBA3-92AB4BC6F5B1}.Release|Any CPU.ActiveCfg = Release|Any CPU
		{7B7A9F07-694E-454E-BBA3-92AB4BC6F5B1}.Release|Any CPU.Build.0 = Release|Any CPU
		{4D02C737-3C89-491F-AD01-6D0D561F7A6D}.Debug|Any CPU.ActiveCfg = Debug|Any CPU
		{4D02C737-3C89-491F-AD01-6D0D561F7A6D}.Debug|Any CPU.Build.0 = Debug|Any CPU
		{4D02C737-3C89-491F-AD01-6D0D561F7A6D}.Release|Any CPU.ActiveCfg = Release|Any CPU
		{4D02C737-3C89-491F-AD01-6D0D561F7A6D}.Release|Any CPU.Build.0 = Release|Any CPU
	EndGlobalSection
	GlobalSection(SolutionProperties) = preSolution
		HideSolutionNode = FALSE
	EndGlobalSection
	GlobalSection(ExtensibilityGlobals) = postSolution
		SolutionGuid = {64DD1109-8E10-4AFF-AA20-7BC1609EF535}
	EndGlobalSection
EndGlobal
